bazil.org/fuse v0.0.0-20180421153158-65cc252bf669 h1:FNCRpXiquG1aoyqcIWVFmpTSKVcx2bQD38uZZeGtdlw=
bazil.org/fuse v0.0.0-20180421153158-65cc252bf669/go.mod h1:Xbm+BRKSBEpa4q4hTSxohYNQpsxXPbPry4JJWOB3LB8=
github.com/mattn/go-sqlite3 v1.10.0 h1:jbhqpg7tQe4SupckyijYiy0mJJ/pRyHvXf7JdWK860o=
github.com/mattn/go-sqlite3 v1.10.0/go.mod h1:FPy6KqzDD04eiIsT53CuJW3U88zkxoIYsOqkbpncsNc=
golang.org/x/net v0.0.0-20190225153610-fe579d43d832 h1:2IdId8zoI92l1bUzjAOygcAOkmCe13HY1j0rqPPPzB8=
golang.org/x/net v0.0.0-20190225153610-fe579d43d832/go.mod h1:mL1N/T3taQHkDXs73rZJwtUhF3w3ftmwwsq0BUmARs4=
golang.org/x/sys v0.0.0-20190225065934-cc5685c2db12 h1:Zw7eRv6INHGfu15LVRN1vrrwusJbnfJjAZn3D1VkQIE=
golang.org/x/sys v0.0.0-20190225065934-cc5685c2db12/go.mod h1:STP8DvDyc/dI5b8T5hshtkjS+E42TnysNCUPdjciGhY=
